
Microsoft Visual Studio Solution File, Format Version 12.00
# Visual Studio Version 17
VisualStudioVersion = 17.5.33530.505
MinimumVisualStudioVersion = 10.0.40219.1
Project("{FAE04EC0-301F-11D3-BF4B-00C04F79EFBC}") = "Server", "Server\Server.csproj", "{7C9350CE-D1B6-47D0-BCE9-524031D8A780}"
EndProject
Global
	GlobalSection(SolutionConfigurationPlatforms) = preSolution
		Debug|Any CPU = Debug|Any CPU
		Release|Any CPU = Release|Any CPU
	EndGlobalSection
	GlobalSection(ProjectConfigurationPlatforms) = postSolution
		{7C9350CE-D1B6-47D0-BCE9-524031D8A780}.Debug|Any CPU.ActiveCfg = Debug|Any CPU
		{7C9350CE-D1B6-47D0-BCE9-524031D8A780}.Debug|Any CPU.Build.0 = Debug|Any CPU
		{7C9350CE-D1B6-47D0-BCE9-524031D8A780}.Release|Any CPU.ActiveCfg = Release|Any CPU
		{7C9350CE-D1B6-47D0-BCE9-524031D8A780}.Release|Any CPU.Build.0 = Release|Any CPU
	EndGlobalSection
	GlobalSection(SolutionProperties) = preSolution
		HideSolutionNode = FALSE
	EndGlobalSection
	GlobalSection(ExtensibilityGlobals) = postSolution
		SolutionGuid = {B4E11834-042C-48FD-9C66-F4485FCCB78D}
	EndGlobalSection
EndGlobal
